// !$*UTF8*$!
{
	archiveVersion = 1;
	classes = {
	};
	objectVersion = 52;
	objects = {

/* Begin PBXBuildFile section */
		E116D7DC25248C5C0022779D /* SwiftExtensions.swift in Sources */ = {isa = PBXBuildFile; fileRef = E116D7DA25248C390022779D /* SwiftExtensions.swift */; };
		E1798CC62524B9BD008DEBB9 /* DDTracer.swift in Sources */ = {isa = PBXBuildFile; fileRef = E1798CC52524B9BD008DEBB9 /* DDTracer.swift */; };
		E1798CCC2524C21C008DEBB9 /* NetworkAutoInstrumentation.swift in Sources */ = {isa = PBXBuildFile; fileRef = E1798CCB2524C21C008DEBB9 /* NetworkAutoInstrumentation.swift */; };
		E1798CD22524C256008DEBB9 /* MethodSwizzler.swift in Sources */ = {isa = PBXBuildFile; fileRef = E1798CD02524C255008DEBB9 /* MethodSwizzler.swift */; };
		E1798CD32524C256008DEBB9 /* URLSessionSwizzler.swift in Sources */ = {isa = PBXBuildFile; fileRef = E1798CD12524C255008DEBB9 /* URLSessionSwizzler.swift */; };
		E1798CD92524C31A008DEBB9 /* URLFilter.swift in Sources */ = {isa = PBXBuildFile; fileRef = E1798CD82524C31A008DEBB9 /* URLFilter.swift */; };
		E1798CE62524D0D5008DEBB9 /* DDError.swift in Sources */ = {isa = PBXBuildFile; fileRef = E1798CE52524D0D5008DEBB9 /* DDError.swift */; };
		E1798E0D25261212008DEBB9 /* DatadogExporter in Frameworks */ = {isa = PBXBuildFile; productRef = E1798E0C25261212008DEBB9 /* DatadogExporter */; };
		E1ABA05425231E2500ED8AEF /* DatadogSDKTesting.framework in Frameworks */ = {isa = PBXBuildFile; fileRef = E1ABA04A25231E2500ED8AEF /* DatadogSDKTesting.framework */; };
		E1ABA05B25231E2500ED8AEF /* DatadogSDKTesting.h in Headers */ = {isa = PBXBuildFile; fileRef = E1ABA04D25231E2500ED8AEF /* DatadogSDKTesting.h */; settings = {ATTRIBUTES = (Public, ); }; };
		E1ABA06D25231F3200ED8AEF /* ObjcLoadHandler.m in Sources */ = {isa = PBXBuildFile; fileRef = E1ABA06C25231F3200ED8AEF /* ObjcLoadHandler.m */; };
		E1ABA07425231F4700ED8AEF /* DDTestObserver.swift in Sources */ = {isa = PBXBuildFile; fileRef = E1ABA07025231F4700ED8AEF /* DDTestObserver.swift */; };
		E1ABA07525231F4700ED8AEF /* DDTags.swift in Sources */ = {isa = PBXBuildFile; fileRef = E1ABA07125231F4700ED8AEF /* DDTags.swift */; };
		E1ABA07625231F4700ED8AEF /* FrameworkLoadHandler.swift in Sources */ = {isa = PBXBuildFile; fileRef = E1ABA07225231F4700ED8AEF /* FrameworkLoadHandler.swift */; };
		E1ABA07725231F4700ED8AEF /* DDEnvironmentValues.swift in Sources */ = {isa = PBXBuildFile; fileRef = E1ABA07325231F4700ED8AEF /* DDEnvironmentValues.swift */; };
		E1ABA08025231F8E00ED8AEF /* XCTest.framework in Frameworks */ = {isa = PBXBuildFile; fileRef = E1ABA07F25231F8E00ED8AEF /* XCTest.framework */; };
		E1ABA08125231F8E00ED8AEF /* XCTest.framework in Embed Frameworks */ = {isa = PBXBuildFile; fileRef = E1ABA07F25231F8E00ED8AEF /* XCTest.framework */; settings = {ATTRIBUTES = (CodeSignOnCopy, RemoveHeadersOnCopy, ); }; };
		E1ABA08B252341EA00ED8AEF /* DDTestMonitor.swift in Sources */ = {isa = PBXBuildFile; fileRef = E1ABA08A252341EA00ED8AEF /* DDTestMonitor.swift */; };
/* End PBXBuildFile section */

/* Begin PBXContainerItemProxy section */
		E1ABA05525231E2500ED8AEF /* PBXContainerItemProxy */ = {
			isa = PBXContainerItemProxy;
			containerPortal = E1ABA04125231E2500ED8AEF /* Project object */;
			proxyType = 1;
			remoteGlobalIDString = E1ABA04925231E2500ED8AEF;
			remoteInfo = DatadogSDKTesting;
		};
/* End PBXContainerItemProxy section */

/* Begin PBXCopyFilesBuildPhase section */
		E1ABA08225231F8E00ED8AEF /* Embed Frameworks */ = {
			isa = PBXCopyFilesBuildPhase;
			buildActionMask = 2147483647;
			dstPath = "";
			dstSubfolderSpec = 10;
			files = (
				E1ABA08125231F8E00ED8AEF /* XCTest.framework in Embed Frameworks */,
			);
			name = "Embed Frameworks";
			runOnlyForDeploymentPostprocessing = 0;
		};
/* End PBXCopyFilesBuildPhase section */

/* Begin PBXFileReference section */
		E116D7DA25248C390022779D /* SwiftExtensions.swift */ = {isa = PBXFileReference; lastKnownFileType = sourcecode.swift; path = SwiftExtensions.swift; sourceTree = "<group>"; };
		E160A11125275CC1003121A5 /* Package.swift */ = {isa = PBXFileReference; lastKnownFileType = sourcecode.swift; path = Package.swift; sourceTree = "<group>"; };
		E1798CC52524B9BD008DEBB9 /* DDTracer.swift */ = {isa = PBXFileReference; lastKnownFileType = sourcecode.swift; path = DDTracer.swift; sourceTree = "<group>"; };
		E1798CCB2524C21C008DEBB9 /* NetworkAutoInstrumentation.swift */ = {isa = PBXFileReference; fileEncoding = 4; lastKnownFileType = sourcecode.swift; path = NetworkAutoInstrumentation.swift; sourceTree = "<group>"; };
		E1798CD02524C255008DEBB9 /* MethodSwizzler.swift */ = {isa = PBXFileReference; fileEncoding = 4; lastKnownFileType = sourcecode.swift; path = MethodSwizzler.swift; sourceTree = "<group>"; };
		E1798CD12524C255008DEBB9 /* URLSessionSwizzler.swift */ = {isa = PBXFileReference; fileEncoding = 4; lastKnownFileType = sourcecode.swift; path = URLSessionSwizzler.swift; sourceTree = "<group>"; };
		E1798CD82524C31A008DEBB9 /* URLFilter.swift */ = {isa = PBXFileReference; fileEncoding = 4; lastKnownFileType = sourcecode.swift; path = URLFilter.swift; sourceTree = "<group>"; };
		E1798CE52524D0D5008DEBB9 /* DDError.swift */ = {isa = PBXFileReference; fileEncoding = 4; lastKnownFileType = sourcecode.swift; path = DDError.swift; sourceTree = "<group>"; };
		E1ABA04A25231E2500ED8AEF /* DatadogSDKTesting.framework */ = {isa = PBXFileReference; explicitFileType = wrapper.framework; includeInIndex = 0; path = DatadogSDKTesting.framework; sourceTree = BUILT_PRODUCTS_DIR; };
		E1ABA04D25231E2500ED8AEF /* DatadogSDKTesting.h */ = {isa = PBXFileReference; lastKnownFileType = sourcecode.c.h; path = DatadogSDKTesting.h; sourceTree = "<group>"; };
		E1ABA04E25231E2500ED8AEF /* Info.plist */ = {isa = PBXFileReference; lastKnownFileType = text.plist.xml; path = Info.plist; sourceTree = "<group>"; };
		E1ABA05325231E2500ED8AEF /* DatadogSDKTestingTests.xctest */ = {isa = PBXFileReference; explicitFileType = wrapper.cfbundle; includeInIndex = 0; path = DatadogSDKTestingTests.xctest; sourceTree = BUILT_PRODUCTS_DIR; };
		E1ABA05A25231E2500ED8AEF /* Info.plist */ = {isa = PBXFileReference; lastKnownFileType = text.plist.xml; path = Info.plist; sourceTree = "<group>"; };
		E1ABA06C25231F3200ED8AEF /* ObjcLoadHandler.m */ = {isa = PBXFileReference; fileEncoding = 4; lastKnownFileType = sourcecode.c.objc; path = ObjcLoadHandler.m; sourceTree = "<group>"; };
		E1ABA07025231F4700ED8AEF /* DDTestObserver.swift */ = {isa = PBXFileReference; fileEncoding = 4; lastKnownFileType = sourcecode.swift; path = DDTestObserver.swift; sourceTree = "<group>"; };
		E1ABA07125231F4700ED8AEF /* DDTags.swift */ = {isa = PBXFileReference; fileEncoding = 4; lastKnownFileType = sourcecode.swift; path = DDTags.swift; sourceTree = "<group>"; };
		E1ABA07225231F4700ED8AEF /* FrameworkLoadHandler.swift */ = {isa = PBXFileReference; fileEncoding = 4; lastKnownFileType = sourcecode.swift; path = FrameworkLoadHandler.swift; sourceTree = "<group>"; };
		E1ABA07325231F4700ED8AEF /* DDEnvironmentValues.swift */ = {isa = PBXFileReference; fileEncoding = 4; lastKnownFileType = sourcecode.swift; path = DDEnvironmentValues.swift; sourceTree = "<group>"; };
		E1ABA07F25231F8E00ED8AEF /* XCTest.framework */ = {isa = PBXFileReference; lastKnownFileType = wrapper.framework; name = XCTest.framework; path = Platforms/iPhoneOS.platform/Developer/Library/Frameworks/XCTest.framework; sourceTree = DEVELOPER_DIR; };
		E1ABA08A252341EA00ED8AEF /* DDTestMonitor.swift */ = {isa = PBXFileReference; lastKnownFileType = sourcecode.swift; path = DDTestMonitor.swift; sourceTree = "<group>"; };
		E1D448032526246F00811C4F /* ObjcLoadHandler.h */ = {isa = PBXFileReference; lastKnownFileType = sourcecode.c.h; path = ObjcLoadHandler.h; sourceTree = "<group>"; };
/* End PBXFileReference section */

/* Begin PBXFrameworksBuildPhase section */
		E1ABA04725231E2500ED8AEF /* Frameworks */ = {
			isa = PBXFrameworksBuildPhase;
			buildActionMask = 2147483647;
			files = (
				E1798E0D25261212008DEBB9 /* DatadogExporter in Frameworks */,
				E1ABA08025231F8E00ED8AEF /* XCTest.framework in Frameworks */,
			);
			runOnlyForDeploymentPostprocessing = 0;
		};
		E1ABA05025231E2500ED8AEF /* Frameworks */ = {
			isa = PBXFrameworksBuildPhase;
			buildActionMask = 2147483647;
			files = (
				E1ABA05425231E2500ED8AEF /* DatadogSDKTesting.framework in Frameworks */,
			);
			runOnlyForDeploymentPostprocessing = 0;
		};
/* End PBXFrameworksBuildPhase section */

/* Begin PBXGroup section */
		E116D7D925248C280022779D /* Utils */ = {
			isa = PBXGroup;
			children = (
				E1798CE52524D0D5008DEBB9 /* DDError.swift */,
				E1798CD02524C255008DEBB9 /* MethodSwizzler.swift */,
				E116D7DA25248C390022779D /* SwiftExtensions.swift */,
			);
			path = Utils;
			sourceTree = "<group>";
		};
		E1798CCA2524C1E2008DEBB9 /* NetworkInstrumentation */ = {
			isa = PBXGroup;
			children = (
				E1798CCB2524C21C008DEBB9 /* NetworkAutoInstrumentation.swift */,
				E1798CD82524C31A008DEBB9 /* URLFilter.swift */,
				E1798CD12524C255008DEBB9 /* URLSessionSwizzler.swift */,
			);
			path = NetworkInstrumentation;
			sourceTree = "<group>";
		};
		E1798E0925260BC4008DEBB9 /* DatadogSDKTesting */ = {
			isa = PBXGroup;
			children = (
				E1798CCA2524C1E2008DEBB9 /* NetworkInstrumentation */,
				E116D7D925248C280022779D /* Utils */,
				E1ABA06B25231F3200ED8AEF /* objc */,
				E1ABA07325231F4700ED8AEF /* DDEnvironmentValues.swift */,
				E1ABA07125231F4700ED8AEF /* DDTags.swift */,
				E1ABA08A252341EA00ED8AEF /* DDTestMonitor.swift */,
				E1ABA07025231F4700ED8AEF /* DDTestObserver.swift */,
				E1798CC52524B9BD008DEBB9 /* DDTracer.swift */,
				E1ABA07225231F4700ED8AEF /* FrameworkLoadHandler.swift */,
			);
			path = DatadogSDKTesting;
			sourceTree = "<group>";
		};
		E1ABA04025231E2500ED8AEF = {
			isa = PBXGroup;
			children = (
				E160A11125275CC1003121A5 /* Package.swift */,
				E1ABA04C25231E2500ED8AEF /* Sources */,
				E1ABA05725231E2500ED8AEF /* Tests */,
				E1ABA04B25231E2500ED8AEF /* Products */,
				E1ABA07E25231F8E00ED8AEF /* Frameworks */,
			);
			sourceTree = "<group>";
		};
		E1ABA04B25231E2500ED8AEF /* Products */ = {
			isa = PBXGroup;
			children = (
				E1ABA04A25231E2500ED8AEF /* DatadogSDKTesting.framework */,
				E1ABA05325231E2500ED8AEF /* DatadogSDKTestingTests.xctest */,
			);
			name = Products;
			sourceTree = "<group>";
		};
		E1ABA04C25231E2500ED8AEF /* Sources */ = {
			isa = PBXGroup;
			children = (
				E1798E0925260BC4008DEBB9 /* DatadogSDKTesting */,
				E1ABA04D25231E2500ED8AEF /* DatadogSDKTesting.h */,
				E1ABA04E25231E2500ED8AEF /* Info.plist */,
			);
			path = Sources;
			sourceTree = "<group>";
		};
		E1ABA05725231E2500ED8AEF /* Tests */ = {
			isa = PBXGroup;
			children = (
				E1ABA05A25231E2500ED8AEF /* Info.plist */,
			);
			path = Tests;
			sourceTree = "<group>";
		};
		E1ABA06B25231F3200ED8AEF /* objc */ = {
			isa = PBXGroup;
			children = (
				E1D448032526246F00811C4F /* ObjcLoadHandler.h */,
				E1ABA06C25231F3200ED8AEF /* ObjcLoadHandler.m */,
			);
			path = objc;
			sourceTree = "<group>";
		};
		E1ABA07E25231F8E00ED8AEF /* Frameworks */ = {
			isa = PBXGroup;
			children = (
				E1ABA07F25231F8E00ED8AEF /* XCTest.framework */,
			);
			name = Frameworks;
			sourceTree = "<group>";
		};
/* End PBXGroup section */

/* Begin PBXHeadersBuildPhase section */
		E1ABA04525231E2500ED8AEF /* Headers */ = {
			isa = PBXHeadersBuildPhase;
			buildActionMask = 2147483647;
			files = (
				E1ABA05B25231E2500ED8AEF /* DatadogSDKTesting.h in Headers */,
			);
			runOnlyForDeploymentPostprocessing = 0;
		};
/* End PBXHeadersBuildPhase section */

/* Begin PBXNativeTarget section */
		E1ABA04925231E2500ED8AEF /* DatadogSDKTesting */ = {
			isa = PBXNativeTarget;
			buildConfigurationList = E1ABA05E25231E2500ED8AEF /* Build configuration list for PBXNativeTarget "DatadogSDKTesting" */;
			buildPhases = (
				E1ABA04525231E2500ED8AEF /* Headers */,
				E1ABA04625231E2500ED8AEF /* Sources */,
				E1ABA04725231E2500ED8AEF /* Frameworks */,
				E1ABA04825231E2500ED8AEF /* Resources */,
				E1ABA08225231F8E00ED8AEF /* Embed Frameworks */,
			);
			buildRules = (
			);
			dependencies = (
			);
			name = DatadogSDKTesting;
			packageProductDependencies = (
				E1798E0C25261212008DEBB9 /* DatadogExporter */,
			);
			productName = DatadogSDKTesting;
			productReference = E1ABA04A25231E2500ED8AEF /* DatadogSDKTesting.framework */;
			productType = "com.apple.product-type.framework";
		};
		E1ABA05225231E2500ED8AEF /* DatadogSDKTestingTests */ = {
			isa = PBXNativeTarget;
			buildConfigurationList = E1ABA06125231E2500ED8AEF /* Build configuration list for PBXNativeTarget "DatadogSDKTestingTests" */;
			buildPhases = (
				E1ABA04F25231E2500ED8AEF /* Sources */,
				E1ABA05025231E2500ED8AEF /* Frameworks */,
				E1ABA05125231E2500ED8AEF /* Resources */,
			);
			buildRules = (
			);
			dependencies = (
				E1ABA05625231E2500ED8AEF /* PBXTargetDependency */,
			);
			name = DatadogSDKTestingTests;
			productName = DatadogSDKTestingTests;
			productReference = E1ABA05325231E2500ED8AEF /* DatadogSDKTestingTests.xctest */;
			productType = "com.apple.product-type.bundle.unit-test";
		};
/* End PBXNativeTarget section */

/* Begin PBXProject section */
		E1ABA04125231E2500ED8AEF /* Project object */ = {
			isa = PBXProject;
			attributes = {
				LastSwiftUpdateCheck = 1200;
				LastUpgradeCheck = 1200;
				TargetAttributes = {
					E1ABA04925231E2500ED8AEF = {
						CreatedOnToolsVersion = 12.0.1;
						LastSwiftMigration = 1200;
					};
					E1ABA05225231E2500ED8AEF = {
						CreatedOnToolsVersion = 12.0.1;
						LastSwiftMigration = 1200;
					};
				};
			};
			buildConfigurationList = E1ABA04425231E2500ED8AEF /* Build configuration list for PBXProject "DatadogSDKTesting" */;
			compatibilityVersion = "Xcode 9.3";
			developmentRegion = en;
			hasScannedForEncodings = 0;
			knownRegions = (
				en,
				Base,
			);
			mainGroup = E1ABA04025231E2500ED8AEF;
			packageReferences = (
				E1798E0B25261212008DEBB9 /* XCRemoteSwiftPackageReference "dd-opentelemetry-exporter-swift" */,
			);
			productRefGroup = E1ABA04B25231E2500ED8AEF /* Products */;
			projectDirPath = "";
			projectRoot = "";
			targets = (
				E1ABA04925231E2500ED8AEF /* DatadogSDKTesting */,
				E1ABA05225231E2500ED8AEF /* DatadogSDKTestingTests */,
			);
		};
/* End PBXProject section */

/* Begin PBXResourcesBuildPhase section */
		E1ABA04825231E2500ED8AEF /* Resources */ = {
			isa = PBXResourcesBuildPhase;
			buildActionMask = 2147483647;
			files = (
			);
			runOnlyForDeploymentPostprocessing = 0;
		};
		E1ABA05125231E2500ED8AEF /* Resources */ = {
			isa = PBXResourcesBuildPhase;
			buildActionMask = 2147483647;
			files = (
			);
			runOnlyForDeploymentPostprocessing = 0;
		};
/* End PBXResourcesBuildPhase section */

/* Begin PBXSourcesBuildPhase section */
		E1ABA04625231E2500ED8AEF /* Sources */ = {
			isa = PBXSourcesBuildPhase;
			buildActionMask = 2147483647;
			files = (
				E1ABA08B252341EA00ED8AEF /* DDTestMonitor.swift in Sources */,
				E1ABA07725231F4700ED8AEF /* DDEnvironmentValues.swift in Sources */,
				E1ABA06D25231F3200ED8AEF /* ObjcLoadHandler.m in Sources */,
				E1798CD32524C256008DEBB9 /* URLSessionSwizzler.swift in Sources */,
				E1ABA07625231F4700ED8AEF /* FrameworkLoadHandler.swift in Sources */,
				E1ABA07525231F4700ED8AEF /* DDTags.swift in Sources */,
				E1798CCC2524C21C008DEBB9 /* NetworkAutoInstrumentation.swift in Sources */,
				E1ABA07425231F4700ED8AEF /* DDTestObserver.swift in Sources */,
				E1798CE62524D0D5008DEBB9 /* DDError.swift in Sources */,
				E1798CC62524B9BD008DEBB9 /* DDTracer.swift in Sources */,
				E1798CD22524C256008DEBB9 /* MethodSwizzler.swift in Sources */,
				E116D7DC25248C5C0022779D /* SwiftExtensions.swift in Sources */,
				E1798CD92524C31A008DEBB9 /* URLFilter.swift in Sources */,
			);
			runOnlyForDeploymentPostprocessing = 0;
		};
		E1ABA04F25231E2500ED8AEF /* Sources */ = {
			isa = PBXSourcesBuildPhase;
			buildActionMask = 2147483647;
			files = (
			);
			runOnlyForDeploymentPostprocessing = 0;
		};
/* End PBXSourcesBuildPhase section */

/* Begin PBXTargetDependency section */
		E1ABA05625231E2500ED8AEF /* PBXTargetDependency */ = {
			isa = PBXTargetDependency;
			target = E1ABA04925231E2500ED8AEF /* DatadogSDKTesting */;
			targetProxy = E1ABA05525231E2500ED8AEF /* PBXContainerItemProxy */;
		};
/* End PBXTargetDependency section */

/* Begin XCBuildConfiguration section */
		E1ABA05C25231E2500ED8AEF /* Debug */ = {
			isa = XCBuildConfiguration;
			buildSettings = {
				ALWAYS_SEARCH_USER_PATHS = NO;
				CLANG_ANALYZER_NONNULL = YES;
				CLANG_ANALYZER_NUMBER_OBJECT_CONVERSION = YES_AGGRESSIVE;
				CLANG_CXX_LANGUAGE_STANDARD = "gnu++14";
				CLANG_CXX_LIBRARY = "libc++";
				CLANG_ENABLE_MODULES = YES;
				CLANG_ENABLE_OBJC_ARC = YES;
				CLANG_ENABLE_OBJC_WEAK = YES;
				CLANG_WARN_BLOCK_CAPTURE_AUTORELEASING = YES;
				CLANG_WARN_BOOL_CONVERSION = YES;
				CLANG_WARN_COMMA = YES;
				CLANG_WARN_CONSTANT_CONVERSION = YES;
				CLANG_WARN_DEPRECATED_OBJC_IMPLEMENTATIONS = YES;
				CLANG_WARN_DIRECT_OBJC_ISA_USAGE = YES_ERROR;
				CLANG_WARN_DOCUMENTATION_COMMENTS = YES;
				CLANG_WARN_EMPTY_BODY = YES;
				CLANG_WARN_ENUM_CONVERSION = YES;
				CLANG_WARN_INFINITE_RECURSION = YES;
				CLANG_WARN_INT_CONVERSION = YES;
				CLANG_WARN_NON_LITERAL_NULL_CONVERSION = YES;
				CLANG_WARN_OBJC_IMPLICIT_RETAIN_SELF = YES;
				CLANG_WARN_OBJC_LITERAL_CONVERSION = YES;
				CLANG_WARN_OBJC_ROOT_CLASS = YES_ERROR;
				CLANG_WARN_QUOTED_INCLUDE_IN_FRAMEWORK_HEADER = YES;
				CLANG_WARN_RANGE_LOOP_ANALYSIS = YES;
				CLANG_WARN_STRICT_PROTOTYPES = YES;
				CLANG_WARN_SUSPICIOUS_MOVE = YES;
				CLANG_WARN_UNGUARDED_AVAILABILITY = YES_AGGRESSIVE;
				CLANG_WARN_UNREACHABLE_CODE = YES;
				CLANG_WARN__DUPLICATE_METHOD_MATCH = YES;
				COPY_PHASE_STRIP = NO;
				CURRENT_PROJECT_VERSION = 1;
				DEBUG_INFORMATION_FORMAT = dwarf;
				ENABLE_STRICT_OBJC_MSGSEND = YES;
				ENABLE_TESTABILITY = YES;
				GCC_C_LANGUAGE_STANDARD = gnu11;
				GCC_DYNAMIC_NO_PIC = NO;
				GCC_NO_COMMON_BLOCKS = YES;
				GCC_OPTIMIZATION_LEVEL = 0;
				GCC_PREPROCESSOR_DEFINITIONS = (
					"DEBUG=1",
					"$(inherited)",
				);
				GCC_WARN_64_TO_32_BIT_CONVERSION = YES;
				GCC_WARN_ABOUT_RETURN_TYPE = YES_ERROR;
				GCC_WARN_UNDECLARED_SELECTOR = YES;
				GCC_WARN_UNINITIALIZED_AUTOS = YES_AGGRESSIVE;
				GCC_WARN_UNUSED_FUNCTION = YES;
				GCC_WARN_UNUSED_VARIABLE = YES;
				IPHONEOS_DEPLOYMENT_TARGET = 12.0;
				MTL_ENABLE_DEBUG_INFO = INCLUDE_SOURCE;
				MTL_FAST_MATH = YES;
				ONLY_ACTIVE_ARCH = YES;
				SDKROOT = iphoneos;
				SWIFT_ACTIVE_COMPILATION_CONDITIONS = DEBUG;
				SWIFT_OPTIMIZATION_LEVEL = "-Onone";
				VERSIONING_SYSTEM = "apple-generic";
				VERSION_INFO_PREFIX = "";
			};
			name = Debug;
		};
		E1ABA05D25231E2500ED8AEF /* Release */ = {
			isa = XCBuildConfiguration;
			buildSettings = {
				ALWAYS_SEARCH_USER_PATHS = NO;
				CLANG_ANALYZER_NONNULL = YES;
				CLANG_ANALYZER_NUMBER_OBJECT_CONVERSION = YES_AGGRESSIVE;
				CLANG_CXX_LANGUAGE_STANDARD = "gnu++14";
				CLANG_CXX_LIBRARY = "libc++";
				CLANG_ENABLE_MODULES = YES;
				CLANG_ENABLE_OBJC_ARC = YES;
				CLANG_ENABLE_OBJC_WEAK = YES;
				CLANG_WARN_BLOCK_CAPTURE_AUTORELEASING = YES;
				CLANG_WARN_BOOL_CONVERSION = YES;
				CLANG_WARN_COMMA = YES;
				CLANG_WARN_CONSTANT_CONVERSION = YES;
				CLANG_WARN_DEPRECATED_OBJC_IMPLEMENTATIONS = YES;
				CLANG_WARN_DIRECT_OBJC_ISA_USAGE = YES_ERROR;
				CLANG_WARN_DOCUMENTATION_COMMENTS = YES;
				CLANG_WARN_EMPTY_BODY = YES;
				CLANG_WARN_ENUM_CONVERSION = YES;
				CLANG_WARN_INFINITE_RECURSION = YES;
				CLANG_WARN_INT_CONVERSION = YES;
				CLANG_WARN_NON_LITERAL_NULL_CONVERSION = YES;
				CLANG_WARN_OBJC_IMPLICIT_RETAIN_SELF = YES;
				CLANG_WARN_OBJC_LITERAL_CONVERSION = YES;
				CLANG_WARN_OBJC_ROOT_CLASS = YES_ERROR;
				CLANG_WARN_QUOTED_INCLUDE_IN_FRAMEWORK_HEADER = YES;
				CLANG_WARN_RANGE_LOOP_ANALYSIS = YES;
				CLANG_WARN_STRICT_PROTOTYPES = YES;
				CLANG_WARN_SUSPICIOUS_MOVE = YES;
				CLANG_WARN_UNGUARDED_AVAILABILITY = YES_AGGRESSIVE;
				CLANG_WARN_UNREACHABLE_CODE = YES;
				CLANG_WARN__DUPLICATE_METHOD_MATCH = YES;
				COPY_PHASE_STRIP = NO;
				CURRENT_PROJECT_VERSION = 1;
				DEBUG_INFORMATION_FORMAT = "dwarf-with-dsym";
				ENABLE_NS_ASSERTIONS = NO;
				ENABLE_STRICT_OBJC_MSGSEND = YES;
				GCC_C_LANGUAGE_STANDARD = gnu11;
				GCC_NO_COMMON_BLOCKS = YES;
				GCC_WARN_64_TO_32_BIT_CONVERSION = YES;
				GCC_WARN_ABOUT_RETURN_TYPE = YES_ERROR;
				GCC_WARN_UNDECLARED_SELECTOR = YES;
				GCC_WARN_UNINITIALIZED_AUTOS = YES_AGGRESSIVE;
				GCC_WARN_UNUSED_FUNCTION = YES;
				GCC_WARN_UNUSED_VARIABLE = YES;
				IPHONEOS_DEPLOYMENT_TARGET = 12.0;
				MTL_ENABLE_DEBUG_INFO = NO;
				MTL_FAST_MATH = YES;
				SDKROOT = iphoneos;
				SWIFT_COMPILATION_MODE = wholemodule;
				SWIFT_OPTIMIZATION_LEVEL = "-O";
				VALIDATE_PRODUCT = YES;
				VERSIONING_SYSTEM = "apple-generic";
				VERSION_INFO_PREFIX = "";
			};
			name = Release;
		};
		E1ABA05F25231E2500ED8AEF /* Debug */ = {
			isa = XCBuildConfiguration;
			buildSettings = {
				CLANG_ENABLE_MODULES = YES;
				CODE_SIGN_STYLE = Automatic;
				DEFINES_MODULE = YES;
				DYLIB_COMPATIBILITY_VERSION = 1;
				DYLIB_CURRENT_VERSION = 1;
				DYLIB_INSTALL_NAME_BASE = "@rpath";
				INFOPLIST_FILE = Sources/Info.plist;
				INSTALL_PATH = "$(LOCAL_LIBRARY_DIR)/Frameworks";
				LD_RUNPATH_SEARCH_PATHS = (
					"$(inherited)",
					"@executable_path/Frameworks",
					"@loader_path/Frameworks",
				);
				PRODUCT_BUNDLE_IDENTIFIER = com.datadoghq.DatadogSDKTesting;
				PRODUCT_NAME = "$(TARGET_NAME:c99extidentifier)";
				SKIP_INSTALL = YES;
				SWIFT_OPTIMIZATION_LEVEL = "-Onone";
				SWIFT_VERSION = 5.0;
				TARGETED_DEVICE_FAMILY = "1,2";
			};
			name = Debug;
		};
		E1ABA06025231E2500ED8AEF /* Release */ = {
			isa = XCBuildConfiguration;
			buildSettings = {
				CLANG_ENABLE_MODULES = YES;
				CODE_SIGN_STYLE = Automatic;
				DEFINES_MODULE = YES;
				DYLIB_COMPATIBILITY_VERSION = 1;
				DYLIB_CURRENT_VERSION = 1;
				DYLIB_INSTALL_NAME_BASE = "@rpath";
				INFOPLIST_FILE = Sources/Info.plist;
				INSTALL_PATH = "$(LOCAL_LIBRARY_DIR)/Frameworks";
				LD_RUNPATH_SEARCH_PATHS = (
					"$(inherited)",
					"@executable_path/Frameworks",
					"@loader_path/Frameworks",
				);
				PRODUCT_BUNDLE_IDENTIFIER = com.datadoghq.DatadogSDKTesting;
				PRODUCT_NAME = "$(TARGET_NAME:c99extidentifier)";
				SKIP_INSTALL = YES;
				SWIFT_VERSION = 5.0;
				TARGETED_DEVICE_FAMILY = "1,2";
			};
			name = Release;
		};
		E1ABA06225231E2500ED8AEF /* Debug */ = {
			isa = XCBuildConfiguration;
			buildSettings = {
				ALWAYS_EMBED_SWIFT_STANDARD_LIBRARIES = YES;
				CLANG_ENABLE_MODULES = YES;
				CODE_SIGN_STYLE = Automatic;
				INFOPLIST_FILE = Tests/Info.plist;
				LD_RUNPATH_SEARCH_PATHS = (
					"$(inherited)",
					"@executable_path/Frameworks",
					"@loader_path/Frameworks",
				);
				PRODUCT_BUNDLE_IDENTIFIER = com.datadoghq.DatadogSDKTestingTests;
				PRODUCT_NAME = "$(TARGET_NAME)";
				SWIFT_OPTIMIZATION_LEVEL = "-Onone";
				SWIFT_VERSION = 5.0;
				TARGETED_DEVICE_FAMILY = "1,2";
			};
			name = Debug;
		};
		E1ABA06325231E2500ED8AEF /* Release */ = {
			isa = XCBuildConfiguration;
			buildSettings = {
				ALWAYS_EMBED_SWIFT_STANDARD_LIBRARIES = YES;
				CLANG_ENABLE_MODULES = YES;
				CODE_SIGN_STYLE = Automatic;
				INFOPLIST_FILE = Tests/Info.plist;
				LD_RUNPATH_SEARCH_PATHS = (
					"$(inherited)",
					"@executable_path/Frameworks",
					"@loader_path/Frameworks",
				);
				PRODUCT_BUNDLE_IDENTIFIER = com.datadoghq.DatadogSDKTestingTests;
				PRODUCT_NAME = "$(TARGET_NAME)";
				SWIFT_VERSION = 5.0;
				TARGETED_DEVICE_FAMILY = "1,2";
			};
			name = Release;
		};
/* End XCBuildConfiguration section */

/* Begin XCConfigurationList section */
		E1ABA04425231E2500ED8AEF /* Build configuration list for PBXProject "DatadogSDKTesting" */ = {
			isa = XCConfigurationList;
			buildConfigurations = (
				E1ABA05C25231E2500ED8AEF /* Debug */,
				E1ABA05D25231E2500ED8AEF /* Release */,
			);
			defaultConfigurationIsVisible = 0;
			defaultConfigurationName = Release;
		};
		E1ABA05E25231E2500ED8AEF /* Build configuration list for PBXNativeTarget "DatadogSDKTesting" */ = {
			isa = XCConfigurationList;
			buildConfigurations = (
				E1ABA05F25231E2500ED8AEF /* Debug */,
				E1ABA06025231E2500ED8AEF /* Release */,
			);
			defaultConfigurationIsVisible = 0;
			defaultConfigurationName = Release;
		};
		E1ABA06125231E2500ED8AEF /* Build configuration list for PBXNativeTarget "DatadogSDKTestingTests" */ = {
			isa = XCConfigurationList;
			buildConfigurations = (
				E1ABA06225231E2500ED8AEF /* Debug */,
				E1ABA06325231E2500ED8AEF /* Release */,
			);
			defaultConfigurationIsVisible = 0;
			defaultConfigurationName = Release;
		};
/* End XCConfigurationList section */

/* Begin XCRemoteSwiftPackageReference section */
		E1798E0B25261212008DEBB9 /* XCRemoteSwiftPackageReference "dd-opentelemetry-exporter-swift" */ = {
			isa = XCRemoteSwiftPackageReference;
			repositoryURL = "git@github.com:DataDog/dd-opentelemetry-exporter-swift.git";
			requirement = {
				branch = master;
				kind = branch;
			};
		};
/* End XCRemoteSwiftPackageReference section */

/* Begin XCSwiftPackageProductDependency section */
		E1798E0C25261212008DEBB9 /* DatadogExporter */ = {
			isa = XCSwiftPackageProductDependency;
			package = E1798E0B25261212008DEBB9 /* XCRemoteSwiftPackageReference "dd-opentelemetry-exporter-swift" */;
			productName = DatadogExporter;
		};
/* End XCSwiftPackageProductDependency section */
	};
	rootObject = E1ABA04125231E2500ED8AEF /* Project object */;
}
